
Microsoft Visual Studio Solution File, Format Version 12.00
# Visual Studio Version 16
VisualStudioVersion = 16.0.32228.343
MinimumVisualStudioVersion = 10.0.40219.1
Project("{FAE04EC0-301F-11D3-BF4B-00C04F79EFBC}") = "BaiTap4_61133848", "BaiTap4_61133848\BaiTap4_61133848.csproj", "{6BFB39D1-AEBC-4E5A-86D1-3019D73E04E5}"
EndProject
Global
	GlobalSection(SolutionConfigurationPlatforms) = preSolution
		Debug|Any CPU = Debug|Any CPU
		Release|Any CPU = Release|Any CPU
	EndGlobalSection
	GlobalSection(ProjectConfigurationPlatforms) = postSolution
		{6BFB39D1-AEBC-4E5A-86D1-3019D73E04E5}.Debug|Any CPU.ActiveCfg = Debug|Any CPU
		{6BFB39D1-AEBC-4E5A-86D1-3019D73E04E5}.Debug|Any CPU.Build.0 = Debug|Any CPU
		{6BFB39D1-AEBC-4E5A-86D1-3019D73E04E5}.Release|Any CPU.ActiveCfg = Release|Any CPU
		{6BFB39D1-AEBC-4E5A-86D1-3019D73E04E5}.Release|Any CPU.Build.0 = Release|Any CPU
	EndGlobalSection
	GlobalSection(SolutionProperties) = preSolution
		HideSolutionNode = FALSE
	EndGlobalSection
	GlobalSection(ExtensibilityGlobals) = postSolution
		SolutionGuid = {1665B011-4AF4-47D0-AAD2-65D5FC6F1FDD}
	EndGlobalSection
EndGlobal
